// !$*UTF8*$!
{
	archiveVersion = 1;
	classes = {
	};
	objectVersion = 55;
	objects = {

/* Begin PBXBuildFile section */
		803C95632A1CA7DF00EFF48F /* YoutubeSearchResponse.swift in Sources */ = {isa = PBXBuildFile; fileRef = 803C95622A1CA7DF00EFF48F /* YoutubeSearchResponse.swift */; };
		803C95652A1CA99200EFF48F /* TitlePreviewViewController.swift in Sources */ = {isa = PBXBuildFile; fileRef = 803C95642A1CA99200EFF48F /* TitlePreviewViewController.swift */; };
		803C95672A1CAB9400EFF48F /* TitlePreviewViewModel.swift in Sources */ = {isa = PBXBuildFile; fileRef = 803C95662A1CAB9400EFF48F /* TitlePreviewViewModel.swift */; };
		806466B42A14E153005F977C /* TitleTableViewCell.swift in Sources */ = {isa = PBXBuildFile; fileRef = 806466B32A14E153005F977C /* TitleTableViewCell.swift */; };
		806466B62A14E21C005F977C /* TitleViewModel.swift in Sources */ = {isa = PBXBuildFile; fileRef = 806466B52A14E21C005F977C /* TitleViewModel.swift */; };
		806466B82A14EB5D005F977C /* SearchResultsViewController.swift in Sources */ = {isa = PBXBuildFile; fileRef = 806466B72A14EB5D005F977C /* SearchResultsViewController.swift */; };
		80A098C22A011785009BDE6F /* AppDelegate.swift in Sources */ = {isa = PBXBuildFile; fileRef = 80A098C12A011785009BDE6F /* AppDelegate.swift */; };
		80A098C42A011785009BDE6F /* SceneDelegate.swift in Sources */ = {isa = PBXBuildFile; fileRef = 80A098C32A011785009BDE6F /* SceneDelegate.swift */; };
		80A098C62A011785009BDE6F /* MainTabBarViewController.swift in Sources */ = {isa = PBXBuildFile; fileRef = 80A098C52A011785009BDE6F /* MainTabBarViewController.swift */; };
		80A098CB2A011787009BDE6F /* Assets.xcassets in Resources */ = {isa = PBXBuildFile; fileRef = 80A098CA2A011787009BDE6F /* Assets.xcassets */; };
		80A098CE2A011787009BDE6F /* LaunchScreen.storyboard in Resources */ = {isa = PBXBuildFile; fileRef = 80A098CC2A011787009BDE6F /* LaunchScreen.storyboard */; };
		80A098D72A011B56009BDE6F /* HomeViewController.swift in Sources */ = {isa = PBXBuildFile; fileRef = 80A098D62A011B56009BDE6F /* HomeViewController.swift */; };
		80A098D92A011B9D009BDE6F /* UpcomingViewController.swift in Sources */ = {isa = PBXBuildFile; fileRef = 80A098D82A011B9D009BDE6F /* UpcomingViewController.swift */; };
		80A098DB2A011BC0009BDE6F /* SearchViewController.swift in Sources */ = {isa = PBXBuildFile; fileRef = 80A098DA2A011BC0009BDE6F /* SearchViewController.swift */; };
		80A098DD2A011BE6009BDE6F /* DownloadsViewController.swift in Sources */ = {isa = PBXBuildFile; fileRef = 80A098DC2A011BE6009BDE6F /* DownloadsViewController.swift */; };
		80A098E42A01571C009BDE6F /* CollectionViewTableViewCell.swift in Sources */ = {isa = PBXBuildFile; fileRef = 80A098E32A01571C009BDE6F /* CollectionViewTableViewCell.swift */; };
		80A098E62A0227EE009BDE6F /* HeroHeaderUIView.swift in Sources */ = {isa = PBXBuildFile; fileRef = 80A098E52A0227EE009BDE6F /* HeroHeaderUIView.swift */; };
		80A098E82A025688009BDE6F /* APICaller.swift in Sources */ = {isa = PBXBuildFile; fileRef = 80A098E72A025688009BDE6F /* APICaller.swift */; };
		80A098EA2A02807D009BDE6F /* Title.swift in Sources */ = {isa = PBXBuildFile; fileRef = 80A098E92A02807D009BDE6F /* Title.swift */; };
		80A098EC2A02848E009BDE6F /* Extensions.swift in Sources */ = {isa = PBXBuildFile; fileRef = 80A098EB2A02848E009BDE6F /* Extensions.swift */; };
		80A098EE2A028A16009BDE6F /* TitleCollectionViewCell.swift in Sources */ = {isa = PBXBuildFile; fileRef = 80A098ED2A028A16009BDE6F /* TitleCollectionViewCell.swift */; };
		80A098F12A028B68009BDE6F /* SDWebImage in Frameworks */ = {isa = PBXBuildFile; productRef = 80A098F02A028B68009BDE6F /* SDWebImage */; };
		80A098F32A028B68009BDE6F /* SDWebImageMapKit in Frameworks */ = {isa = PBXBuildFile; productRef = 80A098F22A028B68009BDE6F /* SDWebImageMapKit */; };
/* End PBXBuildFile section */

/* Begin PBXFileReference section */
		803C95622A1CA7DF00EFF48F /* YoutubeSearchResponse.swift */ = {isa = PBXFileReference; lastKnownFileType = sourcecode.swift; path = YoutubeSearchResponse.swift; sourceTree = "<group>"; };
		803C95642A1CA99200EFF48F /* TitlePreviewViewController.swift */ = {isa = PBXFileReference; lastKnownFileType = sourcecode.swift; path = TitlePreviewViewController.swift; sourceTree = "<group>"; };
		803C95662A1CAB9400EFF48F /* TitlePreviewViewModel.swift */ = {isa = PBXFileReference; lastKnownFileType = sourcecode.swift; path = TitlePreviewViewModel.swift; sourceTree = "<group>"; };
		806466B32A14E153005F977C /* TitleTableViewCell.swift */ = {isa = PBXFileReference; lastKnownFileType = sourcecode.swift; path = TitleTableViewCell.swift; sourceTree = "<group>"; };
		806466B52A14E21C005F977C /* TitleViewModel.swift */ = {isa = PBXFileReference; lastKnownFileType = sourcecode.swift; path = TitleViewModel.swift; sourceTree = "<group>"; };
		806466B72A14EB5D005F977C /* SearchResultsViewController.swift */ = {isa = PBXFileReference; lastKnownFileType = sourcecode.swift; path = SearchResultsViewController.swift; sourceTree = "<group>"; };
		80A098BE2A011785009BDE6F /* Netflix Clone.app */ = {isa = PBXFileReference; explicitFileType = wrapper.application; includeInIndex = 0; path = "Netflix Clone.app"; sourceTree = BUILT_PRODUCTS_DIR; };
		80A098C12A011785009BDE6F /* AppDelegate.swift */ = {isa = PBXFileReference; lastKnownFileType = sourcecode.swift; path = AppDelegate.swift; sourceTree = "<group>"; };
		80A098C32A011785009BDE6F /* SceneDelegate.swift */ = {isa = PBXFileReference; lastKnownFileType = sourcecode.swift; path = SceneDelegate.swift; sourceTree = "<group>"; };
		80A098C52A011785009BDE6F /* MainTabBarViewController.swift */ = {isa = PBXFileReference; lastKnownFileType = sourcecode.swift; path = MainTabBarViewController.swift; sourceTree = "<group>"; };
		80A098CA2A011787009BDE6F /* Assets.xcassets */ = {isa = PBXFileReference; lastKnownFileType = folder.assetcatalog; path = Assets.xcassets; sourceTree = "<group>"; };
		80A098CD2A011787009BDE6F /* Base */ = {isa = PBXFileReference; lastKnownFileType = file.storyboard; name = Base; path = Base.lproj/LaunchScreen.storyboard; sourceTree = "<group>"; };
		80A098CF2A011787009BDE6F /* Info.plist */ = {isa = PBXFileReference; lastKnownFileType = text.plist.xml; path = Info.plist; sourceTree = "<group>"; };
		80A098D62A011B56009BDE6F /* HomeViewController.swift */ = {isa = PBXFileReference; lastKnownFileType = sourcecode.swift; path = HomeViewController.swift; sourceTree = "<group>"; };
		80A098D82A011B9D009BDE6F /* UpcomingViewController.swift */ = {isa = PBXFileReference; lastKnownFileType = sourcecode.swift; path = UpcomingViewController.swift; sourceTree = "<group>"; };
		80A098DA2A011BC0009BDE6F /* SearchViewController.swift */ = {isa = PBXFileReference; lastKnownFileType = sourcecode.swift; path = SearchViewController.swift; sourceTree = "<group>"; };
		80A098DC2A011BE6009BDE6F /* DownloadsViewController.swift */ = {isa = PBXFileReference; lastKnownFileType = sourcecode.swift; path = DownloadsViewController.swift; sourceTree = "<group>"; };
		80A098E32A01571C009BDE6F /* CollectionViewTableViewCell.swift */ = {isa = PBXFileReference; lastKnownFileType = sourcecode.swift; path = CollectionViewTableViewCell.swift; sourceTree = "<group>"; };
		80A098E52A0227EE009BDE6F /* HeroHeaderUIView.swift */ = {isa = PBXFileReference; lastKnownFileType = sourcecode.swift; path = HeroHeaderUIView.swift; sourceTree = "<group>"; };
		80A098E72A025688009BDE6F /* APICaller.swift */ = {isa = PBXFileReference; lastKnownFileType = sourcecode.swift; path = APICaller.swift; sourceTree = "<group>"; };
		80A098E92A02807D009BDE6F /* Title.swift */ = {isa = PBXFileReference; lastKnownFileType = sourcecode.swift; path = Title.swift; sourceTree = "<group>"; };
		80A098EB2A02848E009BDE6F /* Extensions.swift */ = {isa = PBXFileReference; lastKnownFileType = sourcecode.swift; path = Extensions.swift; sourceTree = "<group>"; };
		80A098ED2A028A16009BDE6F /* TitleCollectionViewCell.swift */ = {isa = PBXFileReference; lastKnownFileType = sourcecode.swift; path = TitleCollectionViewCell.swift; sourceTree = "<group>"; };
/* End PBXFileReference section */

/* Begin PBXFrameworksBuildPhase section */
		80A098BB2A011785009BDE6F /* Frameworks */ = {
			isa = PBXFrameworksBuildPhase;
			buildActionMask = 2147483647;
			files = (
				80A098F32A028B68009BDE6F /* SDWebImageMapKit in Frameworks */,
				80A098F12A028B68009BDE6F /* SDWebImage in Frameworks */,
			);
			runOnlyForDeploymentPostprocessing = 0;
		};
/* End PBXFrameworksBuildPhase section */

/* Begin PBXGroup section */
		806466BA2A14EB9D005F977C /* Core */ = {
			isa = PBXGroup;
			children = (
				80A098D62A011B56009BDE6F /* HomeViewController.swift */,
				80A098D82A011B9D009BDE6F /* UpcomingViewController.swift */,
				80A098DA2A011BC0009BDE6F /* SearchViewController.swift */,
				80A098DC2A011BE6009BDE6F /* DownloadsViewController.swift */,
			);
			path = Core;
			sourceTree = "<group>";
		};
		806466BB2A14EBB8005F977C /* General */ = {
			isa = PBXGroup;
			children = (
				806466B72A14EB5D005F977C /* SearchResultsViewController.swift */,
				803C95642A1CA99200EFF48F /* TitlePreviewViewController.swift */,
			);
			path = General;
			sourceTree = "<group>";
		};
		80A098B52A011785009BDE6F = {
			isa = PBXGroup;
			children = (
				80A098C02A011785009BDE6F /* Netflix Clone */,
				80A098BF2A011785009BDE6F /* Products */,
			);
			sourceTree = "<group>";
		};
		80A098BF2A011785009BDE6F /* Products */ = {
			isa = PBXGroup;
			children = (
				80A098BE2A011785009BDE6F /* Netflix Clone.app */,
			);
			name = Products;
			sourceTree = "<group>";
		};
		80A098C02A011785009BDE6F /* Netflix Clone */ = {
			isa = PBXGroup;
			children = (
				80A098DE2A01565D009BDE6F /* Managers */,
				80A098E22A015699009BDE6F /* Resources */,
				80A098E12A01568D009BDE6F /* Models */,
				80A098E02A015683009BDE6F /* Views */,
				80A098DF2A01566E009BDE6F /* ViewModels */,
				80A098D52A011B24009BDE6F /* Controllers */,
				80A098C12A011785009BDE6F /* AppDelegate.swift */,
				80A098C32A011785009BDE6F /* SceneDelegate.swift */,
				80A098C52A011785009BDE6F /* MainTabBarViewController.swift */,
				80A098CA2A011787009BDE6F /* Assets.xcassets */,
				80A098CC2A011787009BDE6F /* LaunchScreen.storyboard */,
				80A098CF2A011787009BDE6F /* Info.plist */,
			);
			path = "Netflix Clone";
			sourceTree = "<group>";
		};
		80A098D52A011B24009BDE6F /* Controllers */ = {
			isa = PBXGroup;
			children = (
				806466BB2A14EBB8005F977C /* General */,
				806466BA2A14EB9D005F977C /* Core */,
			);
			path = Controllers;
			sourceTree = "<group>";
		};
		80A098DE2A01565D009BDE6F /* Managers */ = {
			isa = PBXGroup;
			children = (
				80A098E72A025688009BDE6F /* APICaller.swift */,
			);
			path = Managers;
			sourceTree = "<group>";
		};
		80A098DF2A01566E009BDE6F /* ViewModels */ = {
			isa = PBXGroup;
			children = (
				806466B52A14E21C005F977C /* TitleViewModel.swift */,
				803C95662A1CAB9400EFF48F /* TitlePreviewViewModel.swift */,
			);
			path = ViewModels;
			sourceTree = "<group>";
		};
		80A098E02A015683009BDE6F /* Views */ = {
			isa = PBXGroup;
			children = (
				80A098E32A01571C009BDE6F /* CollectionViewTableViewCell.swift */,
				80A098E52A0227EE009BDE6F /* HeroHeaderUIView.swift */,
				80A098ED2A028A16009BDE6F /* TitleCollectionViewCell.swift */,
				806466B32A14E153005F977C /* TitleTableViewCell.swift */,
			);
			path = Views;
			sourceTree = "<group>";
		};
		80A098E12A01568D009BDE6F /* Models */ = {
			isa = PBXGroup;
			children = (
				80A098E92A02807D009BDE6F /* Title.swift */,
				803C95622A1CA7DF00EFF48F /* YoutubeSearchResponse.swift */,
			);
			path = Models;
			sourceTree = "<group>";
		};
		80A098E22A015699009BDE6F /* Resources */ = {
			isa = PBXGroup;
			children = (
				80A098EB2A02848E009BDE6F /* Extensions.swift */,
			);
			path = Resources;
			sourceTree = "<group>";
		};
/* End PBXGroup section */

/* Begin PBXNativeTarget section */
		80A098BD2A011785009BDE6F /* Netflix Clone */ = {
			isa = PBXNativeTarget;
			buildConfigurationList = 80A098D22A011787009BDE6F /* Build configuration list for PBXNativeTarget "Netflix Clone" */;
			buildPhases = (
				80A098BA2A011785009BDE6F /* Sources */,
				80A098BB2A011785009BDE6F /* Frameworks */,
				80A098BC2A011785009BDE6F /* Resources */,
			);
			buildRules = (
			);
			dependencies = (
			);
			name = "Netflix Clone";
			packageProductDependencies = (
				80A098F02A028B68009BDE6F /* SDWebImage */,
				80A098F22A028B68009BDE6F /* SDWebImageMapKit */,
			);
			productName = "Netflix Clone";
			productReference = 80A098BE2A011785009BDE6F /* Netflix Clone.app */;
			productType = "com.apple.product-type.application";
		};
/* End PBXNativeTarget section */

/* Begin PBXProject section */
		80A098B62A011785009BDE6F /* Project object */ = {
			isa = PBXProject;
			attributes = {
				BuildIndependentTargetsInParallel = 1;
				LastSwiftUpdateCheck = 1340;
				LastUpgradeCheck = 1340;
				TargetAttributes = {
					80A098BD2A011785009BDE6F = {
						CreatedOnToolsVersion = 13.4.1;
					};
				};
			};
			buildConfigurationList = 80A098B92A011785009BDE6F /* Build configuration list for PBXProject "Netflix Clone" */;
			compatibilityVersion = "Xcode 13.0";
			developmentRegion = en;
			hasScannedForEncodings = 0;
			knownRegions = (
				en,
				Base,
			);
			mainGroup = 80A098B52A011785009BDE6F;
			packageReferences = (
				80A098EF2A028B68009BDE6F /* XCRemoteSwiftPackageReference "SDWebImage" */,
			);
			productRefGroup = 80A098BF2A011785009BDE6F /* Products */;
			projectDirPath = "";
			projectRoot = "";
			targets = (
				80A098BD2A011785009BDE6F /* Netflix Clone */,
			);
		};
/* End PBXProject section */

/* Begin PBXResourcesBuildPhase section */
		80A098BC2A011785009BDE6F /* Resources */ = {
			isa = PBXResourcesBuildPhase;
			buildActionMask = 2147483647;
			files = (
				80A098CE2A011787009BDE6F /* LaunchScreen.storyboard in Resources */,
				80A098CB2A011787009BDE6F /* Assets.xcassets in Resources */,
			);
			runOnlyForDeploymentPostprocessing = 0;
		};
/* End PBXResourcesBuildPhase section */

/* Begin PBXSourcesBuildPhase section */
		80A098BA2A011785009BDE6F /* Sources */ = {
			isa = PBXSourcesBuildPhase;
			buildActionMask = 2147483647;
			files = (
				80A098DB2A011BC0009BDE6F /* SearchViewController.swift in Sources */,
				80A098EE2A028A16009BDE6F /* TitleCollectionViewCell.swift in Sources */,
				80A098C62A011785009BDE6F /* MainTabBarViewController.swift in Sources */,
				80A098E42A01571C009BDE6F /* CollectionViewTableViewCell.swift in Sources */,
				80A098E82A025688009BDE6F /* APICaller.swift in Sources */,
				806466B42A14E153005F977C /* TitleTableViewCell.swift in Sources */,
				80A098E62A0227EE009BDE6F /* HeroHeaderUIView.swift in Sources */,
				80A098DD2A011BE6009BDE6F /* DownloadsViewController.swift in Sources */,
				80A098C22A011785009BDE6F /* AppDelegate.swift in Sources */,
				806466B82A14EB5D005F977C /* SearchResultsViewController.swift in Sources */,
				80A098EC2A02848E009BDE6F /* Extensions.swift in Sources */,
				803C95632A1CA7DF00EFF48F /* YoutubeSearchResponse.swift in Sources */,
				80A098C42A011785009BDE6F /* SceneDelegate.swift in Sources */,
				803C95672A1CAB9400EFF48F /* TitlePreviewViewModel.swift in Sources */,
				80A098D92A011B9D009BDE6F /* UpcomingViewController.swift in Sources */,
				803C95652A1CA99200EFF48F /* TitlePreviewViewController.swift in Sources */,
				80A098EA2A02807D009BDE6F /* Title.swift in Sources */,
				80A098D72A011B56009BDE6F /* HomeViewController.swift in Sources */,
				806466B62A14E21C005F977C /* TitleViewModel.swift in Sources */,
			);
			runOnlyForDeploymentPostprocessing = 0;
		};
/* End PBXSourcesBuildPhase section */

/* Begin PBXVariantGroup section */
		80A098CC2A011787009BDE6F /* LaunchScreen.storyboard */ = {
			isa = PBXVariantGroup;
			children = (
				80A098CD2A011787009BDE6F /* Base */,
			);
			name = LaunchScreen.storyboard;
			sourceTree = "<group>";
		};
/* End PBXVariantGroup section */

/* Begin XCBuildConfiguration section */
		80A098D02A011787009BDE6F /* Debug */ = {
			isa = XCBuildConfiguration;
			buildSettings = {
				ALWAYS_SEARCH_USER_PATHS = NO;
				CLANG_ANALYZER_NONNULL = YES;
				CLANG_ANALYZER_NUMBER_OBJECT_CONVERSION = YES_AGGRESSIVE;
				CLANG_CXX_LANGUAGE_STANDARD = "gnu++17";
				CLANG_ENABLE_MODULES = YES;
				CLANG_ENABLE_OBJC_ARC = YES;
				CLANG_ENABLE_OBJC_WEAK = YES;
				CLANG_WARN_BLOCK_CAPTURE_AUTORELEASING = YES;
				CLANG_WARN_BOOL_CONVERSION = YES;
				CLANG_WARN_COMMA = YES;
				CLANG_WARN_CONSTANT_CONVERSION = YES;
				CLANG_WARN_DEPRECATED_OBJC_IMPLEMENTATIONS = YES;
				CLANG_WARN_DIRECT_OBJC_ISA_USAGE = YES_ERROR;
				CLANG_WARN_DOCUMENTATION_COMMENTS = YES;
				CLANG_WARN_EMPTY_BODY = YES;
				CLANG_WARN_ENUM_CONVERSION = YES;
				CLANG_WARN_INFINITE_RECURSION = YES;
				CLANG_WARN_INT_CONVERSION = YES;
				CLANG_WARN_NON_LITERAL_NULL_CONVERSION = YES;
				CLANG_WARN_OBJC_IMPLICIT_RETAIN_SELF = YES;
				CLANG_WARN_OBJC_LITERAL_CONVERSION = YES;
				CLANG_WARN_OBJC_ROOT_CLASS = YES_ERROR;
				CLANG_WARN_QUOTED_INCLUDE_IN_FRAMEWORK_HEADER = YES;
				CLANG_WARN_RANGE_LOOP_ANALYSIS = YES;
				CLANG_WARN_STRICT_PROTOTYPES = YES;
				CLANG_WARN_SUSPICIOUS_MOVE = YES;
				CLANG_WARN_UNGUARDED_AVAILABILITY = YES_AGGRESSIVE;
				CLANG_WARN_UNREACHABLE_CODE = YES;
				CLANG_WARN__DUPLICATE_METHOD_MATCH = YES;
				COPY_PHASE_STRIP = NO;
				DEBUG_INFORMATION_FORMAT = dwarf;
				ENABLE_STRICT_OBJC_MSGSEND = YES;
				ENABLE_TESTABILITY = YES;
				GCC_C_LANGUAGE_STANDARD = gnu11;
				GCC_DYNAMIC_NO_PIC = NO;
				GCC_NO_COMMON_BLOCKS = YES;
				GCC_OPTIMIZATION_LEVEL = 0;
				GCC_PREPROCESSOR_DEFINITIONS = (
					"DEBUG=1",
					"$(inherited)",
				);
				GCC_WARN_64_TO_32_BIT_CONVERSION = YES;
				GCC_WARN_ABOUT_RETURN_TYPE = YES_ERROR;
				GCC_WARN_UNDECLARED_SELECTOR = YES;
				GCC_WARN_UNINITIALIZED_AUTOS = YES_AGGRESSIVE;
				GCC_WARN_UNUSED_FUNCTION = YES;
				GCC_WARN_UNUSED_VARIABLE = YES;
				IPHONEOS_DEPLOYMENT_TARGET = 15.5;
				MTL_ENABLE_DEBUG_INFO = INCLUDE_SOURCE;
				MTL_FAST_MATH = YES;
				ONLY_ACTIVE_ARCH = YES;
				SDKROOT = iphoneos;
				SWIFT_ACTIVE_COMPILATION_CONDITIONS = DEBUG;
				SWIFT_OPTIMIZATION_LEVEL = "-Onone";
			};
			name = Debug;
		};
		80A098D12A011787009BDE6F /* Release */ = {
			isa = XCBuildConfiguration;
			buildSettings = {
				ALWAYS_SEARCH_USER_PATHS = NO;
				CLANG_ANALYZER_NONNULL = YES;
				CLANG_ANALYZER_NUMBER_OBJECT_CONVERSION = YES_AGGRESSIVE;
				CLANG_CXX_LANGUAGE_STANDARD = "gnu++17";
				CLANG_ENABLE_MODULES = YES;
				CLANG_ENABLE_OBJC_ARC = YES;
				CLANG_ENABLE_OBJC_WEAK = YES;
				CLANG_WARN_BLOCK_CAPTURE_AUTORELEASING = YES;
				CLANG_WARN_BOOL_CONVERSION = YES;
				CLANG_WARN_COMMA = YES;
				CLANG_WARN_CONSTANT_CONVERSION = YES;
				CLANG_WARN_DEPRECATED_OBJC_IMPLEMENTATIONS = YES;
				CLANG_WARN_DIRECT_OBJC_ISA_USAGE = YES_ERROR;
				CLANG_WARN_DOCUMENTATION_COMMENTS = YES;
				CLANG_WARN_EMPTY_BODY = YES;
				CLANG_WARN_ENUM_CONVERSION = YES;
				CLANG_WARN_INFINITE_RECURSION = YES;
				CLANG_WARN_INT_CONVERSION = YES;
				CLANG_WARN_NON_LITERAL_NULL_CONVERSION = YES;
				CLANG_WARN_OBJC_IMPLICIT_RETAIN_SELF = YES;
				CLANG_WARN_OBJC_LITERAL_CONVERSION = YES;
				CLANG_WARN_OBJC_ROOT_CLASS = YES_ERROR;
				CLANG_WARN_QUOTED_INCLUDE_IN_FRAMEWORK_HEADER = YES;
				CLANG_WARN_RANGE_LOOP_ANALYSIS = YES;
				CLANG_WARN_STRICT_PROTOTYPES = YES;
				CLANG_WARN_SUSPICIOUS_MOVE = YES;
				CLANG_WARN_UNGUARDED_AVAILABILITY = YES_AGGRESSIVE;
				CLANG_WARN_UNREACHABLE_CODE = YES;
				CLANG_WARN__DUPLICATE_METHOD_MATCH = YES;
				COPY_PHASE_STRIP = NO;
				DEBUG_INFORMATION_FORMAT = "dwarf-with-dsym";
				ENABLE_NS_ASSERTIONS = NO;
				ENABLE_STRICT_OBJC_MSGSEND = YES;
				GCC_C_LANGUAGE_STANDARD = gnu11;
				GCC_NO_COMMON_BLOCKS = YES;
				GCC_WARN_64_TO_32_BIT_CONVERSION = YES;
				GCC_WARN_ABOUT_RETURN_TYPE = YES_ERROR;
				GCC_WARN_UNDECLARED_SELECTOR = YES;
				GCC_WARN_UNINITIALIZED_AUTOS = YES_AGGRESSIVE;
				GCC_WARN_UNUSED_FUNCTION = YES;
				GCC_WARN_UNUSED_VARIABLE = YES;
				IPHONEOS_DEPLOYMENT_TARGET = 15.5;
				MTL_ENABLE_DEBUG_INFO = NO;
				MTL_FAST_MATH = YES;
				SDKROOT = iphoneos;
				SWIFT_COMPILATION_MODE = wholemodule;
				SWIFT_OPTIMIZATION_LEVEL = "-O";
				VALIDATE_PRODUCT = YES;
			};
			name = Release;
		};
		80A098D32A011787009BDE6F /* Debug */ = {
			isa = XCBuildConfiguration;
			buildSettings = {
				ASSETCATALOG_COMPILER_APPICON_NAME = AppIcon;
				ASSETCATALOG_COMPILER_GLOBAL_ACCENT_COLOR_NAME = AccentColor;
				CODE_SIGN_STYLE = Automatic;
				CURRENT_PROJECT_VERSION = 1;
				DEVELOPMENT_TEAM = 96KCMHD6H4;
				GENERATE_INFOPLIST_FILE = YES;
				INFOPLIST_FILE = "Netflix Clone/Info.plist";
				INFOPLIST_KEY_UIApplicationSupportsIndirectInputEvents = YES;
				INFOPLIST_KEY_UILaunchStoryboardName = LaunchScreen;
				INFOPLIST_KEY_UISupportedInterfaceOrientations_iPad = "UIInterfaceOrientationPortrait UIInterfaceOrientationPortraitUpsideDown UIInterfaceOrientationLandscapeLeft UIInterfaceOrientationLandscapeRight";
				INFOPLIST_KEY_UISupportedInterfaceOrientations_iPhone = "UIInterfaceOrientationPortrait UIInterfaceOrientationLandscapeLeft UIInterfaceOrientationLandscapeRight";
				LD_RUNPATH_SEARCH_PATHS = (
					"$(inherited)",
					"@executable_path/Frameworks",
				);
				MARKETING_VERSION = 1.0;
				PRODUCT_BUNDLE_IDENTIFIER = "com.maahi.Netflix-Clone";
				PRODUCT_NAME = "$(TARGET_NAME)";
				SWIFT_EMIT_LOC_STRINGS = YES;
				SWIFT_VERSION = 5.0;
				TARGETED_DEVICE_FAMILY = "1,2";
			};
			name = Debug;
		};
		80A098D42A011787009BDE6F /* Release */ = {
			isa = XCBuildConfiguration;
			buildSettings = {
				ASSETCATALOG_COMPILER_APPICON_NAME = AppIcon;
				ASSETCATALOG_COMPILER_GLOBAL_ACCENT_COLOR_NAME = AccentColor;
				CODE_SIGN_STYLE = Automatic;
				CURRENT_PROJECT_VERSION = 1;
				DEVELOPMENT_TEAM = 96KCMHD6H4;
				GENERATE_INFOPLIST_FILE = YES;
				INFOPLIST_FILE = "Netflix Clone/Info.plist";
				INFOPLIST_KEY_UIApplicationSupportsIndirectInputEvents = YES;
				INFOPLIST_KEY_UILaunchStoryboardName = LaunchScreen;
				INFOPLIST_KEY_UISupportedInterfaceOrientations_iPad = "UIInterfaceOrientationPortrait UIInterfaceOrientationPortraitUpsideDown UIInterfaceOrientationLandscapeLeft UIInterfaceOrientationLandscapeRight";
				INFOPLIST_KEY_UISupportedInterfaceOrientations_iPhone = "UIInterfaceOrientationPortrait UIInterfaceOrientationLandscapeLeft UIInterfaceOrientationLandscapeRight";
				LD_RUNPATH_SEARCH_PATHS = (
					"$(inherited)",
					"@executable_path/Frameworks",
				);
				MARKETING_VERSION = 1.0;
				PRODUCT_BUNDLE_IDENTIFIER = "com.maahi.Netflix-Clone";
				PRODUCT_NAME = "$(TARGET_NAME)";
				SWIFT_EMIT_LOC_STRINGS = YES;
				SWIFT_VERSION = 5.0;
				TARGETED_DEVICE_FAMILY = "1,2";
			};
			name = Release;
		};
/* End XCBuildConfiguration section */

/* Begin XCConfigurationList section */
		80A098B92A011785009BDE6F /* Build configuration list for PBXProject "Netflix Clone" */ = {
			isa = XCConfigurationList;
			buildConfigurations = (
				80A098D02A011787009BDE6F /* Debug */,
				80A098D12A011787009BDE6F /* Release */,
			);
			defaultConfigurationIsVisible = 0;
			defaultConfigurationName = Release;
		};
		80A098D22A011787009BDE6F /* Build configuration list for PBXNativeTarget "Netflix Clone" */ = {
			isa = XCConfigurationList;
			buildConfigurations = (
				80A098D32A011787009BDE6F /* Debug */,
				80A098D42A011787009BDE6F /* Release */,
			);
			defaultConfigurationIsVisible = 0;
			defaultConfigurationName = Release;
		};
/* End XCConfigurationList section */

/* Begin XCRemoteSwiftPackageReference section */
		80A098EF2A028B68009BDE6F /* XCRemoteSwiftPackageReference "SDWebImage" */ = {
			isa = XCRemoteSwiftPackageReference;
			repositoryURL = "https://github.com/SDWebImage/SDWebImage.git";
			requirement = {
				kind = upToNextMajorVersion;
				minimumVersion = 5.0.0;
			};
		};
/* End XCRemoteSwiftPackageReference section */

/* Begin XCSwiftPackageProductDependency section */
		80A098F02A028B68009BDE6F /* SDWebImage */ = {
			isa = XCSwiftPackageProductDependency;
			package = 80A098EF2A028B68009BDE6F /* XCRemoteSwiftPackageReference "SDWebImage" */;
			productName = SDWebImage;
		};
		80A098F22A028B68009BDE6F /* SDWebImageMapKit */ = {
			isa = XCSwiftPackageProductDependency;
			package = 80A098EF2A028B68009BDE6F /* XCRemoteSwiftPackageReference "SDWebImage" */;
			productName = SDWebImageMapKit;
		};
/* End XCSwiftPackageProductDependency section */
	};
	rootObject = 80A098B62A011785009BDE6F /* Project object */;
}
